// !$*UTF8*$!
{
	archiveVersion = 1;
	classes = {
	};
	objectVersion = 56;
	objects = {

/* Begin PBXGroup section */
		BE90F3D3297FBB390059ABC6 = {
			isa = PBXGroup;
			children = (
			);
			sourceTree = "<group>";
		};
/* End PBXGroup section */

/* Begin PBXProject section */
		BE90F3D4297FBB390059ABC6 /* Project object */ = {
			isa = PBXProject;
			attributes = {
				BuildIndependentTargetsInParallel = 1;
				LastUpgradeCheck = 1420;
			};
			buildConfigurationList = BE90F3D7297FBB390059ABC6 /* Build configuration list for PBXProject "01_expand" */;
			compatibilityVersion = "Xcode 14.0";
			developmentRegion = en;
			hasScannedForEncodings = 0;
			knownRegions = (
				en,
				Base,
			);
			mainGroup = BE90F3D3297FBB390059ABC6;
			projectDirPath = "";
			projectRoot = "";
			targets = (
			);
		};
/* End PBXProject section */

/* Begin XCBuildConfiguration section */
		BE90F3D8297FBB390059ABC6 /* Debug */ = {
			isa = XCBuildConfiguration;
			buildSettings = {
			};
			name = Debug;
		};
		BE90F3D9297FBB390059ABC6 /* Release */ = {
			isa = XCBuildConfiguration;
			buildSettings = {
			};
			name = Release;
		};
/* End XCBuildConfiguration section */

/* Begin XCConfigurationList section */
		BE90F3D7297FBB390059ABC6 /* Build configuration list for PBXProject "01_expand" */ = {
			isa = XCConfigurationList;
			buildConfigurations = (
				BE90F3D8297FBB390059ABC6 /* Debug */,
				BE90F3D9297FBB390059ABC6 /* Release */,
			);
			defaultConfigurationIsVisible = 0;
			defaultConfigurationName = Release;
		};
/* End XCConfigurationList section */
	};
	rootObject = BE90F3D4297FBB390059ABC6 /* Project object */;
}
